
Microsoft Visual Studio Solution File, Format Version 12.00
# Visual Studio Version 17
VisualStudioVersion = 17.9.34714.143
MinimumVisualStudioVersion = 10.0.40219.1
Project("{2150E333-8FDC-42A3-9474-1A3956D46DE8}") = "Services", "Services", "{E9960661-1B73-4778-84C8-A91E8F6E1E55}"
EndProject
Project("{2150E333-8FDC-42A3-9474-1A3956D46DE8}") = "Catalog", "Catalog", "{803069ED-99B8-45F7-9712-2F2C2647BB70}"
EndProject
Project("{9A19103F-16F7-4668-BE54-9A1E7A4F7556}") = "Catalog.API", "Services\Catalog\Catalog.API\Catalog.API.csproj", "{B2FDA872-8448-4807-B87F-F72B176C050D}"
EndProject
Project("{2150E333-8FDC-42A3-9474-1A3956D46DE8}") = "BuildingBlocks", "BuildingBlocks", "{D222D4F0-457D-4167-89B8-B9FDFE14E0AC}"
EndProject
Project("{9A19103F-16F7-4668-BE54-9A1E7A4F7556}") = "BuildingBlocks", "BuildingBlocks\BuildingBlocks\BuildingBlocks.csproj", "{DA9A92F9-FCC3-4A47-85E8-FFCDF18185B8}"
EndProject
Project("{E53339B2-1760-4266-BCC7-CA923CBCF16C}") = "docker-compose", "docker-compose.dcproj", "{A41A64FA-B08E-4F5A-8D40-8F63F9E702FE}"
EndProject
Project("{2150E333-8FDC-42A3-9474-1A3956D46DE8}") = "Basket", "Basket", "{99C08954-00FB-4715-BADD-54AF491C16E2}"
EndProject
Project("{9A19103F-16F7-4668-BE54-9A1E7A4F7556}") = "Basket.API", "Services\Basket\Basket.API\Basket.API.csproj", "{34A1DEB2-DF7C-4F68-8ED2-5A1D9387D483}"
EndProject
Project("{9A19103F-16F7-4668-BE54-9A1E7A4F7556}") = "Discount.gRPC", "Services\Discount\Discount.gRPC\Discount.gRPC.csproj", "{2D36E3A4-BEAC-4D53-940A-77703F60AEBA}"
EndProject
Project("{2150E333-8FDC-42A3-9474-1A3956D46DE8}") = "Discount", "Discount", "{13AE0A86-BC17-4E4F-8D69-FE57B99B4A57}"
EndProject
Project("{2150E333-8FDC-42A3-9474-1A3956D46DE8}") = "Ordering", "Ordering", "{978BC043-5FA2-4E9E-888A-0AA26533424A}"
EndProject
Project("{FAE04EC0-301F-11D3-BF4B-00C04F79EFBC}") = "Ordering.API", "Services\Ordering\Ordering.API\Ordering.API.csproj", "{9F15742B-F54E-4E2D-9F33-A82339DDB3FE}"
EndProject
Project("{FAE04EC0-301F-11D3-BF4B-00C04F79EFBC}") = "Ordering.Domain", "Services\Ordering\Ordering.Domain\Ordering.Domain.csproj", "{5A165F16-AAE4-4C04-A496-7102674F69EB}"
EndProject
Project("{FAE04EC0-301F-11D3-BF4B-00C04F79EFBC}") = "Ordering.Application", "Services\Ordering\Ordering.Application\Ordering.Application.csproj", "{20C4B775-F5A5-4039-98FC-854D72A9698B}"
EndProject
Project("{FAE04EC0-301F-11D3-BF4B-00C04F79EFBC}") = "Ordering.Infrastructure", "Services\Ordering\Ordering.Infrastructure\Ordering.Infrastructure.csproj", "{BD60812A-C0DC-4877-A776-D7459C92E21A}"
EndProject
Global
	GlobalSection(SolutionConfigurationPlatforms) = preSolution
		Debug|Any CPU = Debug|Any CPU
		Release|Any CPU = Release|Any CPU
	EndGlobalSection
	GlobalSection(ProjectConfigurationPlatforms) = postSolution
		{B2FDA872-8448-4807-B87F-F72B176C050D}.Debug|Any CPU.ActiveCfg = Debug|Any CPU
		{B2FDA872-8448-4807-B87F-F72B176C050D}.Debug|Any CPU.Build.0 = Debug|Any CPU
		{B2FDA872-8448-4807-B87F-F72B176C050D}.Release|Any CPU.ActiveCfg = Release|Any CPU
		{B2FDA872-8448-4807-B87F-F72B176C050D}.Release|Any CPU.Build.0 = Release|Any CPU
		{DA9A92F9-FCC3-4A47-85E8-FFCDF18185B8}.Debug|Any CPU.ActiveCfg = Debug|Any CPU
		{DA9A92F9-FCC3-4A47-85E8-FFCDF18185B8}.Debug|Any CPU.Build.0 = Debug|Any CPU
		{DA9A92F9-FCC3-4A47-85E8-FFCDF18185B8}.Release|Any CPU.ActiveCfg = Release|Any CPU
		{DA9A92F9-FCC3-4A47-85E8-FFCDF18185B8}.Release|Any CPU.Build.0 = Release|Any CPU
		{A41A64FA-B08E-4F5A-8D40-8F63F9E702FE}.Debug|Any CPU.ActiveCfg = Debug|Any CPU
		{A41A64FA-B08E-4F5A-8D40-8F63F9E702FE}.Debug|Any CPU.Build.0 = Debug|Any CPU
		{A41A64FA-B08E-4F5A-8D40-8F63F9E702FE}.Release|Any CPU.ActiveCfg = Release|Any CPU
		{A41A64FA-B08E-4F5A-8D40-8F63F9E702FE}.Release|Any CPU.Build.0 = Release|Any CPU
		{34A1DEB2-DF7C-4F68-8ED2-5A1D9387D483}.Debug|Any CPU.ActiveCfg = Debug|Any CPU
		{34A1DEB2-DF7C-4F68-8ED2-5A1D9387D483}.Debug|Any CPU.Build.0 = Debug|Any CPU
		{34A1DEB2-DF7C-4F68-8ED2-5A1D9387D483}.Release|Any CPU.ActiveCfg = Release|Any CPU
		{34A1DEB2-DF7C-4F68-8ED2-5A1D9387D483}.Release|Any CPU.Build.0 = Release|Any CPU
		{2D36E3A4-BEAC-4D53-940A-77703F60AEBA}.Debug|Any CPU.ActiveCfg = Debug|Any CPU
		{2D36E3A4-BEAC-4D53-940A-77703F60AEBA}.Debug|Any CPU.Build.0 = Debug|Any CPU
		{2D36E3A4-BEAC-4D53-940A-77703F60AEBA}.Release|Any CPU.ActiveCfg = Release|Any CPU
		{2D36E3A4-BEAC-4D53-940A-77703F60AEBA}.Release|Any CPU.Build.0 = Release|Any CPU
		{9F15742B-F54E-4E2D-9F33-A82339DDB3FE}.Debug|Any CPU.ActiveCfg = Debug|Any CPU
		{9F15742B-F54E-4E2D-9F33-A82339DDB3FE}.Debug|Any CPU.Build.0 = Debug|Any CPU
		{9F15742B-F54E-4E2D-9F33-A82339DDB3FE}.Release|Any CPU.ActiveCfg = Release|Any CPU
		{9F15742B-F54E-4E2D-9F33-A82339DDB3FE}.Release|Any CPU.Build.0 = Release|Any CPU
		{5A165F16-AAE4-4C04-A496-7102674F69EB}.Debug|Any CPU.ActiveCfg = Debug|Any CPU
		{5A165F16-AAE4-4C04-A496-7102674F69EB}.Debug|Any CPU.Build.0 = Debug|Any CPU
		{5A165F16-AAE4-4C04-A496-7102674F69EB}.Release|Any CPU.ActiveCfg = Release|Any CPU
		{5A165F16-AAE4-4C04-A496-7102674F69EB}.Release|Any CPU.Build.0 = Release|Any CPU
		{20C4B775-F5A5-4039-98FC-854D72A9698B}.Debug|Any CPU.ActiveCfg = Debug|Any CPU
		{20C4B775-F5A5-4039-98FC-854D72A9698B}.Debug|Any CPU.Build.0 = Debug|Any CPU
		{20C4B775-F5A5-4039-98FC-854D72A9698B}.Release|Any CPU.ActiveCfg = Release|Any CPU
		{20C4B775-F5A5-4039-98FC-854D72A9698B}.Release|Any CPU.Build.0 = Release|Any CPU
		{BD60812A-C0DC-4877-A776-D7459C92E21A}.Debug|Any CPU.ActiveCfg = Debug|Any CPU
		{BD60812A-C0DC-4877-A776-D7459C92E21A}.Debug|Any CPU.Build.0 = Debug|Any CPU
		{BD60812A-C0DC-4877-A776-D7459C92E21A}.Release|Any CPU.ActiveCfg = Release|Any CPU
		{BD60812A-C0DC-4877-A776-D7459C92E21A}.Release|Any CPU.Build.0 = Release|Any CPU
	EndGlobalSection
	GlobalSection(SolutionProperties) = preSolution
		HideSolutionNode = FALSE
	EndGlobalSection
	GlobalSection(NestedProjects) = preSolution
		{803069ED-99B8-45F7-9712-2F2C2647BB70} = {E9960661-1B73-4778-84C8-A91E8F6E1E55}
		{B2FDA872-8448-4807-B87F-F72B176C050D} = {803069ED-99B8-45F7-9712-2F2C2647BB70}
		{DA9A92F9-FCC3-4A47-85E8-FFCDF18185B8} = {D222D4F0-457D-4167-89B8-B9FDFE14E0AC}
		{99C08954-00FB-4715-BADD-54AF491C16E2} = {E9960661-1B73-4778-84C8-A91E8F6E1E55}
		{34A1DEB2-DF7C-4F68-8ED2-5A1D9387D483} = {99C08954-00FB-4715-BADD-54AF491C16E2}
		{2D36E3A4-BEAC-4D53-940A-77703F60AEBA} = {13AE0A86-BC17-4E4F-8D69-FE57B99B4A57}
		{13AE0A86-BC17-4E4F-8D69-FE57B99B4A57} = {E9960661-1B73-4778-84C8-A91E8F6E1E55}
		{978BC043-5FA2-4E9E-888A-0AA26533424A} = {E9960661-1B73-4778-84C8-A91E8F6E1E55}
		{9F15742B-F54E-4E2D-9F33-A82339DDB3FE} = {978BC043-5FA2-4E9E-888A-0AA26533424A}
		{5A165F16-AAE4-4C04-A496-7102674F69EB} = {978BC043-5FA2-4E9E-888A-0AA26533424A}
		{20C4B775-F5A5-4039-98FC-854D72A9698B} = {978BC043-5FA2-4E9E-888A-0AA26533424A}
		{BD60812A-C0DC-4877-A776-D7459C92E21A} = {978BC043-5FA2-4E9E-888A-0AA26533424A}
	EndGlobalSection
	GlobalSection(ExtensibilityGlobals) = postSolution
		SolutionGuid = {4F506D69-D2EE-4DB0-B46E-7EEFFDB377A4}
	EndGlobalSection
EndGlobal
